<?xml version="1.0" encoding="utf-8"?>
<Project ToolsVersion="4.0" xmlns="http://schemas.microsoft.com/developer/msbuild/2003">
  <ItemGroup>
    <ClCompile Include="SketchScaffold.cpp" />
    <ClCompile Include="precompiled.cpp" />
    <ClCompile Include="Array2D_imageProc.cpp">
      <Filter>lxlib</Filter>
    </ClCompile>
    <ClCompile Include="gpgpu.cpp">
      <Filter>lxlib</Filter>
    </ClCompile>
    <ClCompile Include="gpuBlur2_5.cpp">
      <Filter>lxlib</Filter>
    </ClCompile>
    <ClCompile Include="MyTimer.cpp">
      <Filter>lxlib</Filter>
    </ClCompile>
    <ClCompile Include="shade.cpp">
      <Filter>lxlib</Filter>
    </ClCompile>
    <ClCompile Include="stuff.cpp">
      <Filter>lxlib</Filter>
    </ClCompile>
    <ClCompile Include="TextureCache.cpp">
      <Filter>lxlib</Filter>
    </ClCompile>
    <ClCompile Include="util.cpp">
      <Filter>lxlib</Filter>
    </ClCompile>
    <ClCompile Include="IntegratedConsole.cpp" />
    <ClCompile Include="stb_image.cpp" />
    <ClCompile Include="..\lib\src\glad.c">
      <Filter>lib</Filter>
    </ClCompile>
    <ClCompile Include="..\lib\imgui\imgui.cpp">
      <Filter>lib</Filter>
    </ClCompile>
    <ClCompile Include="..\lib\imgui\imgui_demo.cpp">
      <Filter>lib</Filter>
    </ClCompile>
    <ClCompile Include="..\lib\imgui\imgui_draw.cpp">
      <Filter>lib</Filter>
    </ClCompile>
    <ClCompile Include="..\lib\imgui\imgui_tables.cpp">
      <Filter>lib</Filter>
    </ClCompile>
    <ClCompile Include="..\lib\imgui\imgui_widgets.cpp">
      <Filter>lib</Filter>
    </ClCompile>
    <ClCompile Include="..\lib\imgui\backends\imgui_impl_glfw.cpp">
      <Filter>lib</Filter>
    </ClCompile>
    <ClCompile Include="..\lib\imgui\backends\imgui_impl_opengl3.cpp">
      <Filter>lib</Filter>
    </ClCompile>
  </ItemGroup>
  <ItemGroup>
    <ClInclude Include="precompiled.h" />
    <ClInclude Include="gpgpu.h">
      <Filter>lxlib</Filter>
    </ClInclude>
    <ClInclude Include="gpuBlur2_5.h">
      <Filter>lxlib</Filter>
    </ClInclude>
    <ClInclude Include="shade.h">
      <Filter>lxlib</Filter>
    </ClInclude>
    <ClInclude Include="stuff.h">
      <Filter>lxlib</Filter>
    </ClInclude>
    <ClInclude Include="TextureCache.h">
      <Filter>lxlib</Filter>
    </ClInclude>
    <ClInclude Include="util.h">
      <Filter>lxlib</Filter>
    </ClInclude>
    <ClInclude Include="IntegratedConsole.h" />
    <ClInclude Include="ParticleFluidSketch.h" />
    <ClInclude Include="GridFluidSketch.h" />
    <ClInclude Include="lxTextureRef.h" />
    <ClInclude Include="stb_image.h" />
    <ClInclude Include="lxVaoVbo.h" />
    <ClInclude Include="lxGlslProg.h" />
    <ClInclude Include="lxAreaRectf.h" />
    <ClInclude Include="SketchScaffold.h" />
    <ClInclude Include="..\lib\imgui\imconfig.h">
      <Filter>lib</Filter>
    </ClInclude>
    <ClInclude Include="..\lib\imgui\imgui.h">
      <Filter>lib</Filter>
    </ClInclude>
    <ClInclude Include="..\lib\imgui\imgui_internal.h">
      <Filter>lib</Filter>
    </ClInclude>
    <ClInclude Include="..\lib\imgui\imstb_rectpack.h">
      <Filter>lib</Filter>
    </ClInclude>
    <ClInclude Include="..\lib\imgui\imstb_textedit.h">
      <Filter>lib</Filter>
    </ClInclude>
    <ClInclude Include="..\lib\imgui\imstb_truetype.h">
      <Filter>lib</Filter>
    </ClInclude>
    <ClInclude Include="..\lib\imgui\backends\imgui_impl_glfw.h">
      <Filter>lib</Filter>
    </ClInclude>
    <ClInclude Include="..\lib\imgui\backends\imgui_impl_opengl3.h">
      <Filter>lib</Filter>
    </ClInclude>
  </ItemGroup>
  <ItemGroup>
    <Text Include="OldCode.txt" />
  </ItemGroup>
  <ItemGroup>
    <Filter Include="lxlib">
      <UniqueIdentifier>{84946c29-52d8-4217-be6f-d040dd19abdb}</UniqueIdentifier>
    </Filter>
    <Filter Include="lib">
      <UniqueIdentifier>{a45f40ee-0e50-4644-9d34-51d9f00885ee}</UniqueIdentifier>
    </Filter>
  </ItemGroup>
</Project>