<?xml version="1.0" encoding="utf-8"?>
<Project ToolsVersion="4.0" xmlns="http://schemas.microsoft.com/developer/msbuild/2003">
  <ItemGroup>
    <ClCompile Include="SketchScaffold.cpp" />
    <ClCompile Include="precompiled.cpp" />
    <ClCompile Include="MultiscaleCurvatureGrowthSketch\gpuBlurClaude.cpp" />
    <ClCompile Include="MultiscaleCurvatureGrowthSketch\Sketch.cpp" />
    <ClCompile Include="MultiscaleCurvatureGrowthSketch\ThisSketch_ImageProcessingHelpers.cpp" />
    <ClCompile Include="..\lxlib\Array2D_imageProc.cpp">
      <Filter>lxlib</Filter>
    </ClCompile>
    <ClCompile Include="..\lxlib\ConfigManager3.cpp">
      <Filter>lxlib</Filter>
    </ClCompile>
    <ClCompile Include="..\lxlib\gpgpu.cpp">
      <Filter>lxlib</Filter>
    </ClCompile>
    <ClCompile Include="..\lxlib\gpuBlur2_5.cpp">
      <Filter>lxlib</Filter>
    </ClCompile>
    <ClCompile Include="..\lxlib\IntegratedConsole.cpp">
      <Filter>lxlib</Filter>
    </ClCompile>
    <ClCompile Include="..\lxlib\MyTimer.cpp">
      <Filter>lxlib</Filter>
    </ClCompile>
    <ClCompile Include="..\lxlib\shade.cpp">
      <Filter>lxlib</Filter>
    </ClCompile>
    <ClCompile Include="..\lxlib\stuff.cpp">
      <Filter>lxlib</Filter>
    </ClCompile>
    <ClCompile Include="..\lxlib\TextureCache.cpp">
      <Filter>lxlib</Filter>
    </ClCompile>
    <ClCompile Include="..\lxlib\util.cpp">
      <Filter>lxlib</Filter>
    </ClCompile>
    <ClCompile Include="..\third-party\src\glad.c">
      <Filter>third-party</Filter>
    </ClCompile>
    <ClCompile Include="..\third-party\src\stb_image.cpp">
      <Filter>third-party</Filter>
    </ClCompile>
    <ClCompile Include="..\third-party\imgui\imgui.cpp">
      <Filter>third-party</Filter>
    </ClCompile>
    <ClCompile Include="..\third-party\imgui\imgui_demo.cpp">
      <Filter>third-party</Filter>
    </ClCompile>
    <ClCompile Include="..\third-party\imgui\imgui_draw.cpp">
      <Filter>third-party</Filter>
    </ClCompile>
    <ClCompile Include="..\third-party\imgui\imgui_tables.cpp">
      <Filter>third-party</Filter>
    </ClCompile>
    <ClCompile Include="..\third-party\imgui\imgui_widgets.cpp">
      <Filter>third-party</Filter>
    </ClCompile>
    <ClCompile Include="..\third-party\imgui\backends\imgui_impl_opengl3.cpp">
      <Filter>third-party</Filter>
    </ClCompile>
  </ItemGroup>
  <ItemGroup>
    <ClInclude Include="precompiled.h" />
    <ClInclude Include="ParticleFluidSketch.h" />
    <ClInclude Include="GridFluidSketch.h" />
    <ClInclude Include="SketchScaffold.h" />
    <ClInclude Include="MultiscaleCurvatureGrowthSketch\gpuBlurClaude.h" />
    <ClInclude Include="MultiscaleCurvatureGrowthSketch\ThisSketch_ImageProcessingHelpers.h" />
    <ClInclude Include="MultiscaleCurvatureGrowthSketch\toml.hpp" />
    <ClInclude Include="..\lxlib\Array2D_imageProc.h">
      <Filter>lxlib</Filter>
    </ClInclude>
    <ClInclude Include="..\lxlib\ConfigManager3.h">
      <Filter>lxlib</Filter>
    </ClInclude>
    <ClInclude Include="..\lxlib\gpgpu.h">
      <Filter>lxlib</Filter>
    </ClInclude>
    <ClInclude Include="..\lxlib\gpuBlur2_5.h">
      <Filter>lxlib</Filter>
    </ClInclude>
    <ClInclude Include="..\lxlib\IntegratedConsole.h">
      <Filter>lxlib</Filter>
    </ClInclude>
    <ClInclude Include="..\lxlib\lxAreaRectf.h">
      <Filter>lxlib</Filter>
    </ClInclude>
    <ClInclude Include="..\lxlib\lxGlslProg.h">
      <Filter>lxlib</Filter>
    </ClInclude>
    <ClInclude Include="..\lxlib\lxTextureRef.h">
      <Filter>lxlib</Filter>
    </ClInclude>
    <ClInclude Include="..\lxlib\lxVaoVbo.h">
      <Filter>lxlib</Filter>
    </ClInclude>
    <ClInclude Include="..\lxlib\MyTimer.h">
      <Filter>lxlib</Filter>
    </ClInclude>
    <ClInclude Include="..\lxlib\shade.h">
      <Filter>lxlib</Filter>
    </ClInclude>
    <ClInclude Include="..\lxlib\stuff.h">
      <Filter>lxlib</Filter>
    </ClInclude>
    <ClInclude Include="..\lxlib\TextureCache.h">
      <Filter>lxlib</Filter>
    </ClInclude>
    <ClInclude Include="..\lxlib\util.h">
      <Filter>lxlib</Filter>
    </ClInclude>
    <ClInclude Include="..\third-party\imgui\backends\imgui_impl_opengl3.h">
      <Filter>third-party</Filter>
    </ClInclude>
  </ItemGroup>
  <ItemGroup>
    <Text Include="OldCode.txt" />
  </ItemGroup>
  <ItemGroup>
    <Filter Include="lxlib">
      <UniqueIdentifier>{84946c29-52d8-4217-be6f-d040dd19abdb}</UniqueIdentifier>
    </Filter>
    <Filter Include="third-party">
      <UniqueIdentifier>{a45f40ee-0e50-4644-9d34-51d9f00885ee}</UniqueIdentifier>
    </Filter>
  </ItemGroup>
</Project>