<?xml version="1.0" encoding="utf-8"?>
<Project ToolsVersion="4.0" xmlns="http://schemas.microsoft.com/developer/msbuild/2003">
  <ItemGroup>
    <ClCompile Include="precompiled.cpp" />
    <ClCompile Include="MultiscaleGrowthSketch\gpuBlurClaude.cpp" />
    <ClCompile Include="MultiscaleGrowthSketch\ThisSketch_ImageProcessingHelpers.cpp" />
    <ClCompile Include="lxlib\shade.cpp" />
    <ClCompile Include="third-party\imgui\backends\imgui_impl_opengl3.cpp" />
    <ClCompile Include="third-party\imgui\backends\imgui_impl_glfw.cpp" />
    <ClCompile Include="third-party\imgui\imgui.cpp" />
    <ClCompile Include="third-party\imgui\imgui_demo.cpp" />
    <ClCompile Include="third-party\imgui\imgui_draw.cpp" />
    <ClCompile Include="third-party\imgui\imgui_tables.cpp" />
    <ClCompile Include="third-party\imgui\imgui_widgets.cpp" />
    <ClCompile Include="third-party\src\glad.c" />
    <ClCompile Include="third-party\src\stb_image.cpp" />
    <ClCompile Include="lxlib\SketchBase.ixx" />
    <ClCompile Include="lxlib\AreaRectf.ixx" />
    <ClCompile Include="lxlib\VaoVbo.ixx" />
    <ClCompile Include="lxlib\GlslProg.ixx" />
    <ClCompile Include="lxlib\TextureRef.ixx" />
    <ClCompile Include="lxlib\Array2D_imageProc.ixx" />
    <ClCompile Include="lxlib\ConfigManager3.ixx" />
    <ClCompile Include="lxlib\gpgpu.ixx" />
    <ClCompile Include="lxlib\gpuBlur2_5.ixx" />
    <ClCompile Include="lxlib\IntegratedConsole.ixx" />
    <ClCompile Include="lxlib\MyTimer.ixx" />
    <ClCompile Include="lxlib\stuff.ixx" />
    <ClCompile Include="lxlib\TextureCache.ixx" />
    <ClCompile Include="lxlib\util.ixx" />
    <ClCompile Include="SketchScaffold.ixx" />
    <ClCompile Include="lxlib\simplexnoise.cpp" />
    <ClCompile Include="lxlib\colorspaces.cpp" />
  </ItemGroup>
  <ItemGroup>
    <ClInclude Include="precompiled.h" />
    <ClInclude Include="ParticleFluidSketch.h" />
    <ClInclude Include="MultiscaleGrowthSketch\gpuBlurClaude.h" />
    <ClInclude Include="MultiscaleGrowthSketch\ThisSketch_ImageProcessingHelpers.h" />
    <ClInclude Include="MultiscaleCurvatureGrowthSketch\toml.hpp" />
    <ClInclude Include="MultiscaleGrowthSketch\MultiscaleGrowthSketch.h" />
    <ClInclude Include="lxlib\lxAreaRectf.h" />
    <ClInclude Include="lxlib\lxGlslProg.h" />
    <ClInclude Include="lxlib\lxTextureRef.h" />
    <ClInclude Include="lxlib\lxVaoVbo.h" />
    <ClInclude Include="lxlib\shade.h" />
    <ClInclude Include="third-party\imgui\backends\imgui_impl_opengl3.h" />
    <ClInclude Include="lxlib\precompiled.h" />
    <ClInclude Include="GridFluidSketch\GridFluidSketch.h" />
    <ClInclude Include="lxlib\macros.h" />
    <ClInclude Include="ParticleTraces2DSketch\ParticleTraces2DSketch.h" />
    <ClInclude Include="lxlib\simplexnoise.h" />
    <ClInclude Include="lxlib\colorspaces.h" />
  </ItemGroup>
  <ItemGroup>
    <Text Include="OldCode.txt" />
  </ItemGroup>
  <ItemGroup>
    <Filter Include="lxlib">
      <UniqueIdentifier>{84946c29-52d8-4217-be6f-d040dd19abdb}</UniqueIdentifier>
    </Filter>
    <Filter Include="third-party">
      <UniqueIdentifier>{a45f40ee-0e50-4644-9d34-51d9f00885ee}</UniqueIdentifier>
    </Filter>
  </ItemGroup>
  <ItemGroup>
    <CopyFileToFolders Include="GridFluidSketch\gridFluidConfig.toml" />
    <CopyFileToFolders Include="MultiscaleGrowthSketch\MultiscaleGrowthConfig.toml" />
  </ItemGroup>
  <ItemGroup>
    <None Include="ParticleTraces2DSketch\ParticleTraces2DConfig.toml" />
  </ItemGroup>
</Project>